// !$*UTF8*$!
{
	archiveVersion = 1;
	classes = {
	};
	objectVersion = 46;
	objects = {

/* Begin PBXBuildFile section */
		BBF475B0193241370079C1B4 /* Foundation.framework in Frameworks */ = {isa = PBXBuildFile; fileRef = BBF475AF193241370079C1B4 /* Foundation.framework */; };
		BBF475B2193241370079C1B4 /* CoreGraphics.framework in Frameworks */ = {isa = PBXBuildFile; fileRef = BBF475B1193241370079C1B4 /* CoreGraphics.framework */; };
		BBF475B4193241370079C1B4 /* UIKit.framework in Frameworks */ = {isa = PBXBuildFile; fileRef = BBF475B3193241370079C1B4 /* UIKit.framework */; };
		BBF475BA193241370079C1B4 /* InfoPlist.strings in Resources */ = {isa = PBXBuildFile; fileRef = BBF475B8193241370079C1B4 /* InfoPlist.strings */; };
		BBF475BC193241370079C1B4 /* main.m in Sources */ = {isa = PBXBuildFile; fileRef = BBF475BB193241370079C1B4 /* main.m */; };
		BBF475C0193241370079C1B4 /* SallyAppDelegate.m in Sources */ = {isa = PBXBuildFile; fileRef = BBF475BF193241370079C1B4 /* SallyAppDelegate.m */; };
		BBF475C3193241370079C1B4 /* Main.storyboard in Resources */ = {isa = PBXBuildFile; fileRef = BBF475C1193241370079C1B4 /* Main.storyboard */; };
		BBF475C6193241370079C1B4 /* SallyViewController.m in Sources */ = {isa = PBXBuildFile; fileRef = BBF475C5193241370079C1B4 /* SallyViewController.m */; };
		BBF475C8193241370079C1B4 /* Images.xcassets in Resources */ = {isa = PBXBuildFile; fileRef = BBF475C7193241370079C1B4 /* Images.xcassets */; };
		BBF475CF193241370079C1B4 /* XCTest.framework in Frameworks */ = {isa = PBXBuildFile; fileRef = BBF475CE193241370079C1B4 /* XCTest.framework */; };
		BBF475D0193241370079C1B4 /* Foundation.framework in Frameworks */ = {isa = PBXBuildFile; fileRef = BBF475AF193241370079C1B4 /* Foundation.framework */; };
		BBF475D1193241370079C1B4 /* UIKit.framework in Frameworks */ = {isa = PBXBuildFile; fileRef = BBF475B3193241370079C1B4 /* UIKit.framework */; };
		BBF475D9193241370079C1B4 /* InfoPlist.strings in Resources */ = {isa = PBXBuildFile; fileRef = BBF475D7193241370079C1B4 /* InfoPlist.strings */; };
		BBF475DB193241370079C1B4 /* GitExampleTests.m in Sources */ = {isa = PBXBuildFile; fileRef = BBF475DA193241370079C1B4 /* GitExampleTests.m */; };
/* End PBXBuildFile section */

/* Begin PBXContainerItemProxy section */
		BBF475D2193241370079C1B4 /* PBXContainerItemProxy */ = {
			isa = PBXContainerItemProxy;
			containerPortal = BBF475A4193241370079C1B4 /* Project object */;
			proxyType = 1;
			remoteGlobalIDString = BBF475AB193241370079C1B4;
			remoteInfo = GitExample;
		};
/* End PBXContainerItemProxy section */

/* Begin PBXFileReference section */
		BBF475AC193241370079C1B4 /* GitExample.app */ = {isa = PBXFileReference; explicitFileType = wrapper.application; includeInIndex = 0; path = GitExample.app; sourceTree = BUILT_PRODUCTS_DIR; };
		BBF475AF193241370079C1B4 /* Foundation.framework */ = {isa = PBXFileReference; lastKnownFileType = wrapper.framework; name = Foundation.framework; path = System/Library/Frameworks/Foundation.framework; sourceTree = SDKROOT; };
		BBF475B1193241370079C1B4 /* CoreGraphics.framework */ = {isa = PBXFileReference; lastKnownFileType = wrapper.framework; name = CoreGraphics.framework; path = System/Library/Frameworks/CoreGraphics.framework; sourceTree = SDKROOT; };
		BBF475B3193241370079C1B4 /* UIKit.framework */ = {isa = PBXFileReference; lastKnownFileType = wrapper.framework; name = UIKit.framework; path = System/Library/Frameworks/UIKit.framework; sourceTree = SDKROOT; };
		BBF475B7193241370079C1B4 /* GitExample-Info.plist */ = {isa = PBXFileReference; lastKnownFileType = text.plist.xml; path = "GitExample-Info.plist"; sourceTree = "<group>"; };
		BBF475B9193241370079C1B4 /* en */ = {isa = PBXFileReference; lastKnownFileType = text.plist.strings; name = en; path = en.lproj/InfoPlist.strings; sourceTree = "<group>"; };
		BBF475BB193241370079C1B4 /* main.m */ = {isa = PBXFileReference; lastKnownFileType = sourcecode.c.objc; path = main.m; sourceTree = "<group>"; };
		BBF475BD193241370079C1B4 /* GitExample-Prefix.pch */ = {isa = PBXFileReference; lastKnownFileType = sourcecode.c.h; path = "GitExample-Prefix.pch"; sourceTree = "<group>"; };
		BBF475BE193241370079C1B4 /* SallyAppDelegate.h */ = {isa = PBXFileReference; lastKnownFileType = sourcecode.c.h; path = SallyAppDelegate.h; sourceTree = "<group>"; };
		BBF475BF193241370079C1B4 /* SallyAppDelegate.m */ = {isa = PBXFileReference; lastKnownFileType = sourcecode.c.objc; path = SallyAppDelegate.m; sourceTree = "<group>"; };
		BBF475C2193241370079C1B4 /* Base */ = {isa = PBXFileReference; lastKnownFileType = file.storyboard; name = Base; path = Base.lproj/Main.storyboard; sourceTree = "<group>"; };
		BBF475C4193241370079C1B4 /* SallyViewController.h */ = {isa = PBXFileReference; lastKnownFileType = sourcecode.c.h; path = SallyViewController.h; sourceTree = "<group>"; };
		BBF475C5193241370079C1B4 /* SallyViewController.m */ = {isa = PBXFileReference; lastKnownFileType = sourcecode.c.objc; path = SallyViewController.m; sourceTree = "<group>"; };
		BBF475C7193241370079C1B4 /* Images.xcassets */ = {isa = PBXFileReference; lastKnownFileType = folder.assetcatalog; path = Images.xcassets; sourceTree = "<group>"; };
		BBF475CD193241370079C1B4 /* GitExampleTests.xctest */ = {isa = PBXFileReference; explicitFileType = wrapper.cfbundle; includeInIndex = 0; path = GitExampleTests.xctest; sourceTree = BUILT_PRODUCTS_DIR; };
		BBF475CE193241370079C1B4 /* XCTest.framework */ = {isa = PBXFileReference; lastKnownFileType = wrapper.framework; name = XCTest.framework; path = Library/Frameworks/XCTest.framework; sourceTree = DEVELOPER_DIR; };
		BBF475D6193241370079C1B4 /* GitExampleTests-Info.plist */ = {isa = PBXFileReference; lastKnownFileType = text.plist.xml; path = "GitExampleTests-Info.plist"; sourceTree = "<group>"; };
		BBF475D8193241370079C1B4 /* en */ = {isa = PBXFileReference; lastKnownFileType = text.plist.strings; name = en; path = en.lproj/InfoPlist.strings; sourceTree = "<group>"; };
		BBF475DA193241370079C1B4 /* GitExampleTests.m */ = {isa = PBXFileReference; lastKnownFileType = sourcecode.c.objc; path = GitExampleTests.m; sourceTree = "<group>"; };
/* End PBXFileReference section */

/* Begin PBXFrameworksBuildPhase section */
		BBF475A9193241370079C1B4 /* Frameworks */ = {
			isa = PBXFrameworksBuildPhase;
			buildActionMask = 2147483647;
			files = (
				BBF475B2193241370079C1B4 /* CoreGraphics.framework in Frameworks */,
				BBF475B4193241370079C1B4 /* UIKit.framework in Frameworks */,
				BBF475B0193241370079C1B4 /* Foundation.framework in Frameworks */,
			);
			runOnlyForDeploymentPostprocessing = 0;
		};
		BBF475CA193241370079C1B4 /* Frameworks */ = {
			isa = PBXFrameworksBuildPhase;
			buildActionMask = 2147483647;
			files = (
				BBF475CF193241370079C1B4 /* XCTest.framework in Frameworks */,
				BBF475D1193241370079C1B4 /* UIKit.framework in Frameworks */,
				BBF475D0193241370079C1B4 /* Foundation.framework in Frameworks */,
			);
			runOnlyForDeploymentPostprocessing = 0;
		};
/* End PBXFrameworksBuildPhase section */

/* Begin PBXGroup section */
		BBF475A3193241370079C1B4 = {
			isa = PBXGroup;
			children = (
				BBF475B5193241370079C1B4 /* GitExample */,
				BBF475D4193241370079C1B4 /* GitExampleTests */,
				BBF475AE193241370079C1B4 /* Frameworks */,
				BBF475AD193241370079C1B4 /* Products */,
			);
			sourceTree = "<group>";
		};
		BBF475AD193241370079C1B4 /* Products */ = {
			isa = PBXGroup;
			children = (
				BBF475AC193241370079C1B4 /* GitExample.app */,
				BBF475CD193241370079C1B4 /* GitExampleTests.xctest */,
			);
			name = Products;
			sourceTree = "<group>";
		};
		BBF475AE193241370079C1B4 /* Frameworks */ = {
			isa = PBXGroup;
			children = (
				BBF475AF193241370079C1B4 /* Foundation.framework */,
				BBF475B1193241370079C1B4 /* CoreGraphics.framework */,
				BBF475B3193241370079C1B4 /* UIKit.framework */,
				BBF475CE193241370079C1B4 /* XCTest.framework */,
			);
			name = Frameworks;
			sourceTree = "<group>";
		};
		BBF475B5193241370079C1B4 /* GitExample */ = {
			isa = PBXGroup;
			children = (
				BBF475BE193241370079C1B4 /* SallyAppDelegate.h */,
				BBF475BF193241370079C1B4 /* SallyAppDelegate.m */,
				BBF475C1193241370079C1B4 /* Main.storyboard */,
				BBF475C4193241370079C1B4 /* SallyViewController.h */,
				BBF475C5193241370079C1B4 /* SallyViewController.m */,
				BBF475C7193241370079C1B4 /* Images.xcassets */,
				BBF475B6193241370079C1B4 /* Supporting Files */,
			);
			path = GitExample;
			sourceTree = "<group>";
		};
		BBF475B6193241370079C1B4 /* Supporting Files */ = {
			isa = PBXGroup;
			children = (
				BBF475B7193241370079C1B4 /* GitExample-Info.plist */,
				BBF475B8193241370079C1B4 /* InfoPlist.strings */,
				BBF475BB193241370079C1B4 /* main.m */,
				BBF475BD193241370079C1B4 /* GitExample-Prefix.pch */,
			);
			name = "Supporting Files";
			sourceTree = "<group>";
		};
		BBF475D4193241370079C1B4 /* GitExampleTests */ = {
			isa = PBXGroup;
			children = (
				BBF475DA193241370079C1B4 /* GitExampleTests.m */,
				BBF475D5193241370079C1B4 /* Supporting Files */,
			);
			path = GitExampleTests;
			sourceTree = "<group>";
		};
		BBF475D5193241370079C1B4 /* Supporting Files */ = {
			isa = PBXGroup;
			children = (
				BBF475D6193241370079C1B4 /* GitExampleTests-Info.plist */,
				BBF475D7193241370079C1B4 /* InfoPlist.strings */,
			);
			name = "Supporting Files";
			sourceTree = "<group>";
		};
/* End PBXGroup section */

/* Begin PBXNativeTarget section */
		BBF475AB193241370079C1B4 /* GitExample */ = {
			isa = PBXNativeTarget;
			buildConfigurationList = BBF475DE193241370079C1B4 /* Build configuration list for PBXNativeTarget "GitExample" */;
			buildPhases = (
				BBF475A8193241370079C1B4 /* Sources */,
				BBF475A9193241370079C1B4 /* Frameworks */,
				BBF475AA193241370079C1B4 /* Resources */,
			);
			buildRules = (
			);
			dependencies = (
			);
			name = GitExample;
			productName = GitExample;
			productReference = BBF475AC193241370079C1B4 /* GitExample.app */;
			productType = "com.apple.product-type.application";
		};
		BBF475CC193241370079C1B4 /* GitExampleTests */ = {
			isa = PBXNativeTarget;
			buildConfigurationList = BBF475E1193241370079C1B4 /* Build configuration list for PBXNativeTarget "GitExampleTests" */;
			buildPhases = (
				BBF475C9193241370079C1B4 /* Sources */,
				BBF475CA193241370079C1B4 /* Frameworks */,
				BBF475CB193241370079C1B4 /* Resources */,
			);
			buildRules = (
			);
			dependencies = (
				BBF475D3193241370079C1B4 /* PBXTargetDependency */,
			);
			name = GitExampleTests;
			productName = GitExampleTests;
			productReference = BBF475CD193241370079C1B4 /* GitExampleTests.xctest */;
			productType = "com.apple.product-type.bundle.unit-test";
		};
/* End PBXNativeTarget section */

/* Begin PBXProject section */
		BBF475A4193241370079C1B4 /* Project object */ = {
			isa = PBXProject;
			attributes = {
				CLASSPREFIX = Sally;
				LastUpgradeCheck = 0510;
				ORGANIZATIONNAME = BabyJeff;
				TargetAttributes = {
					BBF475CC193241370079C1B4 = {
						TestTargetID = BBF475AB193241370079C1B4;
					};
				};
			};
			buildConfigurationList = BBF475A7193241370079C1B4 /* Build configuration list for PBXProject "GitExample" */;
			compatibilityVersion = "Xcode 3.2";
			developmentRegion = English;
			hasScannedForEncodings = 0;
			knownRegions = (
				en,
				Base,
			);
			mainGroup = BBF475A3193241370079C1B4;
			productRefGroup = BBF475AD193241370079C1B4 /* Products */;
			projectDirPath = "";
			projectRoot = "";
			targets = (
				BBF475AB193241370079C1B4 /* GitExample */,
				BBF475CC193241370079C1B4 /* GitExampleTests */,
			);
		};
/* End PBXProject section */

/* Begin PBXResourcesBuildPhase section */
		BBF475AA193241370079C1B4 /* Resources */ = {
			isa = PBXResourcesBuildPhase;
			buildActionMask = 2147483647;
			files = (
				BBF475C8193241370079C1B4 /* Images.xcassets in Resources */,
				BBF475BA193241370079C1B4 /* InfoPlist.strings in Resources */,
				BBF475C3193241370079C1B4 /* Main.storyboard in Resources */,
			);
			runOnlyForDeploymentPostprocessing = 0;
		};
		BBF475CB193241370079C1B4 /* Resources */ = {
			isa = PBXResourcesBuildPhase;
			buildActionMask = 2147483647;
			files = (
				BBF475D9193241370079C1B4 /* InfoPlist.strings in Resources */,
			);
			runOnlyForDeploymentPostprocessing = 0;
		};
/* End PBXResourcesBuildPhase section */

/* Begin PBXSourcesBuildPhase section */
		BBF475A8193241370079C1B4 /* Sources */ = {
			isa = PBXSourcesBuildPhase;
			buildActionMask = 2147483647;
			files = (
				BBF475C0193241370079C1B4 /* SallyAppDelegate.m in Sources */,
				BBF475C6193241370079C1B4 /* SallyViewController.m in Sources */,
				BBF475BC193241370079C1B4 /* main.m in Sources */,
			);
			runOnlyForDeploymentPostprocessing = 0;
		};
		BBF475C9193241370079C1B4 /* Sources */ = {
			isa = PBXSourcesBuildPhase;
			buildActionMask = 2147483647;
			files = (
				BBF475DB193241370079C1B4 /* GitExampleTests.m in Sources */,
			);
			runOnlyForDeploymentPostprocessing = 0;
		};
/* End PBXSourcesBuildPhase section */

/* Begin PBXTargetDependency section */
		BBF475D3193241370079C1B4 /* PBXTargetDependency */ = {
			isa = PBXTargetDependency;
			target = BBF475AB193241370079C1B4 /* GitExample */;
			targetProxy = BBF475D2193241370079C1B4 /* PBXContainerItemProxy */;
		};
/* End PBXTargetDependency section */

/* Begin PBXVariantGroup section */
		BBF475B8193241370079C1B4 /* InfoPlist.strings */ = {
			isa = PBXVariantGroup;
			children = (
				BBF475B9193241370079C1B4 /* en */,
			);
			name = InfoPlist.strings;
			sourceTree = "<group>";
		};
		BBF475C1193241370079C1B4 /* Main.storyboard */ = {
			isa = PBXVariantGroup;
			children = (
				BBF475C2193241370079C1B4 /* Base */,
			);
			name = Main.storyboard;
			sourceTree = "<group>";
		};
		BBF475D7193241370079C1B4 /* InfoPlist.strings */ = {
			isa = PBXVariantGroup;
			children = (
				BBF475D8193241370079C1B4 /* en */,
			);
			name = InfoPlist.strings;
			sourceTree = "<group>";
		};
/* End PBXVariantGroup section */

/* Begin XCBuildConfiguration section */
		BBF475DC193241370079C1B4 /* Debug */ = {
			isa = XCBuildConfiguration;
			buildSettings = {
				ALWAYS_SEARCH_USER_PATHS = NO;
				CLANG_CXX_LANGUAGE_STANDARD = "gnu++0x";
				CLANG_CXX_LIBRARY = "libc++";
				CLANG_ENABLE_MODULES = YES;
				CLANG_ENABLE_OBJC_ARC = YES;
				CLANG_WARN_BOOL_CONVERSION = YES;
				CLANG_WARN_CONSTANT_CONVERSION = YES;
				CLANG_WARN_DIRECT_OBJC_ISA_USAGE = YES_ERROR;
				CLANG_WARN_EMPTY_BODY = YES;
				CLANG_WARN_ENUM_CONVERSION = YES;
				CLANG_WARN_INT_CONVERSION = YES;
				CLANG_WARN_OBJC_ROOT_CLASS = YES_ERROR;
				CLANG_WARN__DUPLICATE_METHOD_MATCH = YES;
				"CODE_SIGN_IDENTITY[sdk=iphoneos*]" = "iPhone Developer";
				COPY_PHASE_STRIP = NO;
				GCC_C_LANGUAGE_STANDARD = gnu99;
				GCC_DYNAMIC_NO_PIC = NO;
				GCC_OPTIMIZATION_LEVEL = 0;
				GCC_PREPROCESSOR_DEFINITIONS = (
					"DEBUG=1",
					"$(inherited)",
				);
				GCC_SYMBOLS_PRIVATE_EXTERN = NO;
				GCC_WARN_64_TO_32_BIT_CONVERSION = YES;
				GCC_WARN_ABOUT_RETURN_TYPE = YES_ERROR;
				GCC_WARN_UNDECLARED_SELECTOR = YES;
				GCC_WARN_UNINITIALIZED_AUTOS = YES_AGGRESSIVE;
				GCC_WARN_UNUSED_FUNCTION = YES;
				GCC_WARN_UNUSED_VARIABLE = YES;
				IPHONEOS_DEPLOYMENT_TARGET = 7.1;
				ONLY_ACTIVE_ARCH = YES;
				SDKROOT = iphoneos;
			};
			name = Debug;
		};
		BBF475DD193241370079C1B4 /* Release */ = {
			isa = XCBuildConfiguration;
			buildSettings = {
				ALWAYS_SEARCH_USER_PATHS = NO;
				CLANG_CXX_LANGUAGE_STANDARD = "gnu++0x";
				CLANG_CXX_LIBRARY = "libc++";
				CLANG_ENABLE_MODULES = YES;
				CLANG_ENABLE_OBJC_ARC = YES;
				CLANG_WARN_BOOL_CONVERSION = YES;
				CLANG_WARN_CONSTANT_CONVERSION = YES;
				CLANG_WARN_DIRECT_OBJC_ISA_USAGE = YES_ERROR;
				CLANG_WARN_EMPTY_BODY = YES;
				CLANG_WARN_ENUM_CONVERSION = YES;
				CLANG_WARN_INT_CONVERSION = YES;
				CLANG_WARN_OBJC_ROOT_CLASS = YES_ERROR;
				CLANG_WARN__DUPLICATE_METHOD_MATCH = YES;
				"CODE_SIGN_IDENTITY[sdk=iphoneos*]" = "iPhone Developer";
				COPY_PHASE_STRIP = YES;
				ENABLE_NS_ASSERTIONS = NO;
				GCC_C_LANGUAGE_STANDARD = gnu99;
				GCC_WARN_64_TO_32_BIT_CONVERSION = YES;
				GCC_WARN_ABOUT_RETURN_TYPE = YES_ERROR;
				GCC_WARN_UNDECLARED_SELECTOR = YES;
				GCC_WARN_UNINITIALIZED_AUTOS = YES_AGGRESSIVE;
				GCC_WARN_UNUSED_FUNCTION = YES;
				GCC_WARN_UNUSED_VARIABLE = YES;
				IPHONEOS_DEPLOYMENT_TARGET = 7.1;
				SDKROOT = iphoneos;
				VALIDATE_PRODUCT = YES;
			};
			name = Release;
		};
		BBF475DF193241370079C1B4 /* Debug */ = {
			isa = XCBuildConfiguration;
			buildSettings = {
				ASSETCATALOG_COMPILER_APPICON_NAME = AppIcon;
				ASSETCATALOG_COMPILER_LAUNCHIMAGE_NAME = LaunchImage;
				GCC_PRECOMPILE_PREFIX_HEADER = YES;
				GCC_PREFIX_HEADER = "GitExample/GitExample-Prefix.pch";
				INFOPLIST_FILE = "GitExample/GitExample-Info.plist";
				PRODUCT_NAME = "$(TARGET_NAME)";
				WRAPPER_EXTENSION = app;
			};
			name = Debug;
		};
		BBF475E0193241370079C1B4 /* Release */ = {
			isa = XCBuildConfiguration;
			buildSettings = {
				ASSETCATALOG_COMPILER_APPICON_NAME = AppIcon;
				ASSETCATALOG_COMPILER_LAUNCHIMAGE_NAME = LaunchImage;
				GCC_PRECOMPILE_PREFIX_HEADER = YES;
				GCC_PREFIX_HEADER = "GitExample/GitExample-Prefix.pch";
				INFOPLIST_FILE = "GitExample/GitExample-Info.plist";
				PRODUCT_NAME = "$(TARGET_NAME)";
				WRAPPER_EXTENSION = app;
			};
			name = Release;
		};
		BBF475E2193241370079C1B4 /* Debug */ = {
			isa = XCBuildConfiguration;
			buildSettings = {
				BUNDLE_LOADER = "$(BUILT_PRODUCTS_DIR)/GitExample.app/GitExample";
				FRAMEWORK_SEARCH_PATHS = (
					"$(SDKROOT)/Developer/Library/Frameworks",
					"$(inherited)",
					"$(DEVELOPER_FRAMEWORKS_DIR)",
				);
				GCC_PRECOMPILE_PREFIX_HEADER = YES;
				GCC_PREFIX_HEADER = "GitExample/GitExample-Prefix.pch";
				GCC_PREPROCESSOR_DEFINITIONS = (
					"DEBUG=1",
					"$(inherited)",
				);
				INFOPLIST_FILE = "GitExampleTests/GitExampleTests-Info.plist";
				PRODUCT_NAME = "$(TARGET_NAME)";
				TEST_HOST = "$(BUNDLE_LOADER)";
				WRAPPER_EXTENSION = xctest;
			};
			name = Debug;
		};
		BBF475E3193241370079C1B4 /* Release */ = {
			isa = XCBuildConfiguration;
			buildSettings = {
				BUNDLE_LOADER = "$(BUILT_PRODUCTS_DIR)/GitExample.app/GitExample";
				FRAMEWORK_SEARCH_PATHS = (
					"$(SDKROOT)/Developer/Library/Frameworks",
					"$(inherited)",
					"$(DEVELOPER_FRAMEWORKS_DIR)",
				);
				GCC_PRECOMPILE_PREFIX_HEADER = YES;
				GCC_PREFIX_HEADER = "GitExample/GitExample-Prefix.pch";
				INFOPLIST_FILE = "GitExampleTests/GitExampleTests-Info.plist";
				PRODUCT_NAME = "$(TARGET_NAME)";
				TEST_HOST = "$(BUNDLE_LOADER)";
				WRAPPER_EXTENSION = xctest;
			};
			name = Release;
		};
/* End XCBuildConfiguration section */

/* Begin XCConfigurationList section */
		BBF475A7193241370079C1B4 /* Build configuration list for PBXProject "GitExample" */ = {
			isa = XCConfigurationList;
			buildConfigurations = (
				BBF475DC193241370079C1B4 /* Debug */,
				BBF475DD193241370079C1B4 /* Release */,
			);
			defaultConfigurationIsVisible = 0;
			defaultConfigurationName = Release;
		};
		BBF475DE193241370079C1B4 /* Build configuration list for PBXNativeTarget "GitExample" */ = {
			isa = XCConfigurationList;
			buildConfigurations = (
				BBF475DF193241370079C1B4 /* Debug */,
				BBF475E0193241370079C1B4 /* Release */,
			);
			defaultConfigurationIsVisible = 0;
		};
		BBF475E1193241370079C1B4 /* Build configuration list for PBXNativeTarget "GitExampleTests" */ = {
			isa = XCConfigurationList;
			buildConfigurations = (
				BBF475E2193241370079C1B4 /* Debug */,
				BBF475E3193241370079C1B4 /* Release */,
			);
			defaultConfigurationIsVisible = 0;
		};
/* End XCConfigurationList section */
	};
	rootObject = BBF475A4193241370079C1B4 /* Project object */;
}
